{
  "name": "travel",
  "version": "1.0.0",
  "lockfileVersion": 2,
  "requires": true,
  "packages": {
    "": {
      "name": "travel",
      "version": "1.0.0",
      "license": "ISC",
      "devDependencies": {
        "uglify-js": "^3.15.4",
        "watch": "^1.0.2"
      }
    },
    "node_modules/exec-sh": {
      "version": "0.2.2",
      "resolved": "https://registry.npmjs.org/exec-sh/-/exec-sh-0.2.2.tgz",
      "integrity": "sha512-FIUCJz1RbuS0FKTdaAafAByGS0CPvU3R0MeHxgtl+djzCc//F8HakL8GzmVNZanasTbTAY/3DRFA0KpVqj/eAw==",
      "dev": true,
      "dependencies": {
        "merge": "^1.2.0"
      }
    },
    "node_modules/merge": {
      "version": "1.2.1",
      "resolved": "https://registry.npmjs.org/merge/-/merge-1.2.1.tgz",
      "integrity": "sha512-VjFo4P5Whtj4vsLzsYBu5ayHhoHJ0UqNm7ibvShmbmoz7tGi0vXaoJbGdB+GmDMLUdg8DpQXEIeVDAe8MaABvQ==",
      "dev": true
    },
    "node_modules/minimist": {
      "version": "1.2.6",
      "resolved": "https://registry.npmjs.org/minimist/-/minimist-1.2.6.tgz",
      "integrity": "sha512-Jsjnk4bw3YJqYzbdyBiNsPWHPfO++UGG749Cxs6peCu5Xg4nrena6OVxOYxrQTqww0Jmwt+Ref8rggumkTLz9Q==",
      "dev": true
    },
    "node_modules/uglify-js": {
      "version": "3.15.4",
      "resolved": "https://registry.npmjs.org/uglify-js/-/uglify-js-3.15.4.tgz",
      "integrity": "sha512-vMOPGDuvXecPs34V74qDKk4iJ/SN4vL3Ow/23ixafENYvtrNvtbcgUeugTcUGRGsOF/5fU8/NYSL5Hyb3l1OJA==",
      "dev": true,
      "bin": {
        "uglifyjs": "bin/uglifyjs"
      },
      "engines": {
        "node": ">=0.8.0"
      }
    },
    "node_modules/watch": {
      "version": "1.0.2",
      "resolved": "https://registry.npmjs.org/watch/-/watch-1.0.2.tgz",
      "integrity": "sha1-NApxe952Vyb6CqB9ch4BR6VR3ww=",
      "dev": true,
      "dependencies": {
        "exec-sh": "^0.2.0",
        "minimist": "^1.2.0"
      },
      "bin": {
        "watch": "cli.js"
      },
      "engines": {
        "node": ">=0.1.95"
      }
    }
  },
  "dependencies": {
    "exec-sh": {
      "version": "0.2.2",
      "resolved": "https://registry.npmjs.org/exec-sh/-/exec-sh-0.2.2.tgz",
      "integrity": "sha512-FIUCJz1RbuS0FKTdaAafAByGS0CPvU3R0MeHxgtl+djzCc//F8HakL8GzmVNZanasTbTAY/3DRFA0KpVqj/eAw==",
      "dev": true,
      "requires": {
        "merge": "^1.2.0"
      }
    },
    "merge": {
      "version": "1.2.1",
      "resolved": "https://registry.npmjs.org/merge/-/merge-1.2.1.tgz",
      "integrity": "sha512-VjFo4P5Whtj4vsLzsYBu5ayHhoHJ0UqNm7ibvShmbmoz7tGi0vXaoJbGdB+GmDMLUdg8DpQXEIeVDAe8MaABvQ==",
      "dev": true
    },
    "minimist": {
      "version": "1.2.6",
      "resolved": "https://registry.npmjs.org/minimist/-/minimist-1.2.6.tgz",
      "integrity": "sha512-Jsjnk4bw3YJqYzbdyBiNsPWHPfO++UGG749Cxs6peCu5Xg4nrena6OVxOYxrQTqww0Jmwt+Ref8rggumkTLz9Q==",
      "dev": true
    },
    "uglify-js": {
      "version": "3.15.4",
      "resolved": "https://registry.npmjs.org/uglify-js/-/uglify-js-3.15.4.tgz",
      "integrity": "sha512-vMOPGDuvXecPs34V74qDKk4iJ/SN4vL3Ow/23ixafENYvtrNvtbcgUeugTcUGRGsOF/5fU8/NYSL5Hyb3l1OJA==",
      "dev": true
    },
    "watch": {
      "version": "1.0.2",
      "resolved": "https://registry.npmjs.org/watch/-/watch-1.0.2.tgz",
      "integrity": "sha1-NApxe952Vyb6CqB9ch4BR6VR3ww=",
      "dev": true,
      "requires": {
        "exec-sh": "^0.2.0",
        "minimist": "^1.2.0"
      }
    }
  }
}
